
Microsoft Visual Studio Solution File, Format Version 12.00
# Visual Studio 15
VisualStudioVersion = 15.0.26730.12
MinimumVisualStudioVersion = 10.0.40219.1
Project("{9A19103F-16F7-4668-BE54-9A1E7A4F7556}") = "AspNetCoreMVCExample", "AspNetCoreMVCExample\AspNetCoreMVCExample.csproj", "{E8DFAA6F-EE8F-4A16-8F60-C0753D675D9F}"
EndProject
Project("{00D1A9C2-B5F0-4AF3-8072-F6C62B433612}") = "AspNetCoreMVCExample.DB", "AspNetCoreMVCExample.DB\AspNetCoreMVCExample.DB.sqlproj", "{783C1BB8-6C0B-4906-A222-0146AF261792}"
EndProject
Project("{9A19103F-16F7-4668-BE54-9A1E7A4F7556}") = "AspNetCoreMVCExample.Data", "AspNetCoreMVCExample.Data\AspNetCoreMVCExample.Data.csproj", "{97C13DB0-E404-4BCE-BA2D-492035346774}"
EndProject
Project("{9A19103F-16F7-4668-BE54-9A1E7A4F7556}") = "CoreFramework", "CoreFramework\CoreFramework.csproj", "{A2AE5989-718C-4E4E-8CAB-273180CA5522}"
EndProject
Project("{2150E333-8FDC-42A3-9474-1A3956D46DE8}") = "SolutionItems", "SolutionItems", "{DAD7C91D-27EA-43FA-8D62-98C6CB83F777}"
	ProjectSection(SolutionItems) = preProject
		README.md = README.md
	EndProjectSection
EndProject
Project("{9A19103F-16F7-4668-BE54-9A1E7A4F7556}") = "IdentityServer", "IdentityServer\IdentityServer.csproj", "{AD1D60F9-774A-405F-AA0A-FABD111A3E91}"
EndProject
Project("{9A19103F-16F7-4668-BE54-9A1E7A4F7556}") = "Ids4AspNetIdentity", "Ids4AspNetIdentity\Ids4AspNetIdentity.csproj", "{B862FC38-5E88-4835-BD22-6AEB7B06F5E9}"
EndProject
Project("{FAE04EC0-301F-11D3-BF4B-00C04F79EFBC}") = "AspNetCoreReactExample", "AspNetCoreReactExample\AspNetCoreReactExample.csproj", "{44694254-BFAB-4621-A5FD-49342297E86B}"
EndProject
Global
	GlobalSection(SolutionConfigurationPlatforms) = preSolution
		Debug|Any CPU = Debug|Any CPU
		Release|Any CPU = Release|Any CPU
	EndGlobalSection
	GlobalSection(ProjectConfigurationPlatforms) = postSolution
		{E8DFAA6F-EE8F-4A16-8F60-C0753D675D9F}.Debug|Any CPU.ActiveCfg = Debug|Any CPU
		{E8DFAA6F-EE8F-4A16-8F60-C0753D675D9F}.Debug|Any CPU.Build.0 = Debug|Any CPU
		{E8DFAA6F-EE8F-4A16-8F60-C0753D675D9F}.Release|Any CPU.ActiveCfg = Release|Any CPU
		{E8DFAA6F-EE8F-4A16-8F60-C0753D675D9F}.Release|Any CPU.Build.0 = Release|Any CPU
		{783C1BB8-6C0B-4906-A222-0146AF261792}.Debug|Any CPU.ActiveCfg = Debug|Any CPU
		{783C1BB8-6C0B-4906-A222-0146AF261792}.Debug|Any CPU.Build.0 = Debug|Any CPU
		{783C1BB8-6C0B-4906-A222-0146AF261792}.Debug|Any CPU.Deploy.0 = Debug|Any CPU
		{783C1BB8-6C0B-4906-A222-0146AF261792}.Release|Any CPU.ActiveCfg = Release|Any CPU
		{783C1BB8-6C0B-4906-A222-0146AF261792}.Release|Any CPU.Build.0 = Release|Any CPU
		{783C1BB8-6C0B-4906-A222-0146AF261792}.Release|Any CPU.Deploy.0 = Release|Any CPU
		{97C13DB0-E404-4BCE-BA2D-492035346774}.Debug|Any CPU.ActiveCfg = Debug|Any CPU
		{97C13DB0-E404-4BCE-BA2D-492035346774}.Debug|Any CPU.Build.0 = Debug|Any CPU
		{97C13DB0-E404-4BCE-BA2D-492035346774}.Release|Any CPU.ActiveCfg = Release|Any CPU
		{97C13DB0-E404-4BCE-BA2D-492035346774}.Release|Any CPU.Build.0 = Release|Any CPU
		{A2AE5989-718C-4E4E-8CAB-273180CA5522}.Debug|Any CPU.ActiveCfg = Debug|Any CPU
		{A2AE5989-718C-4E4E-8CAB-273180CA5522}.Debug|Any CPU.Build.0 = Debug|Any CPU
		{A2AE5989-718C-4E4E-8CAB-273180CA5522}.Release|Any CPU.ActiveCfg = Release|Any CPU
		{A2AE5989-718C-4E4E-8CAB-273180CA5522}.Release|Any CPU.Build.0 = Release|Any CPU
		{AD1D60F9-774A-405F-AA0A-FABD111A3E91}.Debug|Any CPU.ActiveCfg = Debug|Any CPU
		{AD1D60F9-774A-405F-AA0A-FABD111A3E91}.Debug|Any CPU.Build.0 = Debug|Any CPU
		{AD1D60F9-774A-405F-AA0A-FABD111A3E91}.Release|Any CPU.ActiveCfg = Release|Any CPU
		{AD1D60F9-774A-405F-AA0A-FABD111A3E91}.Release|Any CPU.Build.0 = Release|Any CPU
		{B862FC38-5E88-4835-BD22-6AEB7B06F5E9}.Debug|Any CPU.ActiveCfg = Debug|Any CPU
		{B862FC38-5E88-4835-BD22-6AEB7B06F5E9}.Debug|Any CPU.Build.0 = Debug|Any CPU
		{B862FC38-5E88-4835-BD22-6AEB7B06F5E9}.Release|Any CPU.ActiveCfg = Release|Any CPU
		{B862FC38-5E88-4835-BD22-6AEB7B06F5E9}.Release|Any CPU.Build.0 = Release|Any CPU
		{44694254-BFAB-4621-A5FD-49342297E86B}.Debug|Any CPU.ActiveCfg = Debug|Any CPU
		{44694254-BFAB-4621-A5FD-49342297E86B}.Debug|Any CPU.Build.0 = Debug|Any CPU
		{44694254-BFAB-4621-A5FD-49342297E86B}.Release|Any CPU.ActiveCfg = Release|Any CPU
		{44694254-BFAB-4621-A5FD-49342297E86B}.Release|Any CPU.Build.0 = Release|Any CPU
	EndGlobalSection
	GlobalSection(SolutionProperties) = preSolution
		HideSolutionNode = FALSE
	EndGlobalSection
	GlobalSection(ExtensibilityGlobals) = postSolution
		SolutionGuid = {6F51B76F-48FD-4DB1-A5C3-9968D830971A}
	EndGlobalSection
EndGlobal
